[root]
name = "GeneticMan"
version = "0.0.1"
dependencies = [
 "piston 0.9.0 (registry+https://github.com/rust-lang/crates.io-index)",
]

[[package]]
name = "bitflags"
version = "0.3.2"
source = "registry+https://github.com/rust-lang/crates.io-index"

[[package]]
name = "clock_ticks"
version = "0.0.6"
source = "registry+https://github.com/rust-lang/crates.io-index"
dependencies = [
 "libc 0.1.8 (registry+https://github.com/rust-lang/crates.io-index)",
]

[[package]]
name = "libc"
version = "0.1.8"
source = "registry+https://github.com/rust-lang/crates.io-index"

[[package]]
name = "piston"
version = "0.9.0"
source = "registry+https://github.com/rust-lang/crates.io-index"
dependencies = [
 "pistoncore-event_loop 0.9.0 (registry+https://github.com/rust-lang/crates.io-index)",
 "pistoncore-input 0.4.0 (registry+https://github.com/rust-lang/crates.io-index)",
 "pistoncore-window 0.8.0 (registry+https://github.com/rust-lang/crates.io-index)",
]

[[package]]
name = "piston-float"
version = "0.1.0"
source = "registry+https://github.com/rust-lang/crates.io-index"

[[package]]
name = "piston-viewport"
version = "0.1.0"
source = "registry+https://github.com/rust-lang/crates.io-index"
dependencies = [
 "piston-float 0.1.0 (registry+https://github.com/rust-lang/crates.io-index)",
]

[[package]]
name = "pistoncore-event_loop"
version = "0.9.0"
source = "registry+https://github.com/rust-lang/crates.io-index"
dependencies = [
 "clock_ticks 0.0.6 (registry+https://github.com/rust-lang/crates.io-index)",
 "piston-viewport 0.1.0 (registry+https://github.com/rust-lang/crates.io-index)",
 "pistoncore-input 0.4.0 (registry+https://github.com/rust-lang/crates.io-index)",
 "pistoncore-window 0.8.0 (registry+https://github.com/rust-lang/crates.io-index)",
]

[[package]]
name = "pistoncore-input"
version = "0.4.0"
source = "registry+https://github.com/rust-lang/crates.io-index"
dependencies = [
 "bitflags 0.3.2 (registry+https://github.com/rust-lang/crates.io-index)",
 "piston-viewport 0.1.0 (registry+https://github.com/rust-lang/crates.io-index)",
 "rustc-serialize 0.3.15 (registry+https://github.com/rust-lang/crates.io-index)",
]

[[package]]
name = "pistoncore-window"
version = "0.8.0"
source = "registry+https://github.com/rust-lang/crates.io-index"
dependencies = [
 "libc 0.1.8 (registry+https://github.com/rust-lang/crates.io-index)",
 "pistoncore-input 0.4.0 (registry+https://github.com/rust-lang/crates.io-index)",
 "shader_version 0.2.0 (registry+https://github.com/rust-lang/crates.io-index)",
]

[[package]]
name = "rustc-serialize"
version = "0.3.15"
source = "registry+https://github.com/rust-lang/crates.io-index"

[[package]]
name = "shader_version"
version = "0.2.0"
source = "registry+https://github.com/rust-lang/crates.io-index"

